
Microsoft Visual Studio Solution File, Format Version 12.00
# Visual Studio 15
VisualStudioVersion = 15.0.28307.271
MinimumVisualStudioVersion = 10.0.40219.1
Project("{FAE04EC0-301F-11D3-BF4B-00C04F79EFBC}") = "VR_Karaoke", "WindowsFormsApp2\VR_Karaoke.csproj", "{836892E5-CF8D-4C58-961E-E20823718AA1}"
EndProject
Global
	GlobalSection(SolutionConfigurationPlatforms) = preSolution
		Debug|Any CPU = Debug|Any CPU
		Release|Any CPU = Release|Any CPU
	EndGlobalSection
	GlobalSection(ProjectConfigurationPlatforms) = postSolution
		{836892E5-CF8D-4C58-961E-E20823718AA1}.Debug|Any CPU.ActiveCfg = Debug|Any CPU
		{836892E5-CF8D-4C58-961E-E20823718AA1}.Debug|Any CPU.Build.0 = Debug|Any CPU
		{836892E5-CF8D-4C58-961E-E20823718AA1}.Release|Any CPU.ActiveCfg = Release|Any CPU
		{836892E5-CF8D-4C58-961E-E20823718AA1}.Release|Any CPU.Build.0 = Release|Any CPU
	EndGlobalSection
	GlobalSection(SolutionProperties) = preSolution
		HideSolutionNode = FALSE
	EndGlobalSection
	GlobalSection(ExtensibilityGlobals) = postSolution
		SolutionGuid = {11B46596-9330-4633-8F58-D4A610FA44B7}
	EndGlobalSection
EndGlobal
